
Microsoft Visual Studio Solution File, Format Version 12.00
# Visual Studio Version 17
VisualStudioVersion = 17.10.34707.107
MinimumVisualStudioVersion = 10.0.40219.1
Project("{FAE04EC0-301F-11D3-BF4B-00C04F79EFBC}") = "Hosihikari.Minecraft.Extension.UI", "src\Hosihikari.Minecraft.Extension.UI.csproj", "{636A13C7-FA04-403F-A882-5C7528D09FCE}"
EndProject
Global
	GlobalSection(SolutionConfigurationPlatforms) = preSolution
		Debug|Any CPU = Debug|Any CPU
		Release|Any CPU = Release|Any CPU
	EndGlobalSection
	GlobalSection(ProjectConfigurationPlatforms) = postSolution
		{636A13C7-FA04-403F-A882-5C7528D09FCE}.Debug|Any CPU.ActiveCfg = Debug|Any CPU
		{636A13C7-FA04-403F-A882-5C7528D09FCE}.Debug|Any CPU.Build.0 = Debug|Any CPU
		{636A13C7-FA04-403F-A882-5C7528D09FCE}.Release|Any CPU.ActiveCfg = Release|Any CPU
		{636A13C7-FA04-403F-A882-5C7528D09FCE}.Release|Any CPU.Build.0 = Release|Any CPU
	EndGlobalSection
	GlobalSection(SolutionProperties) = preSolution
		HideSolutionNode = FALSE
	EndGlobalSection
	GlobalSection(ExtensibilityGlobals) = postSolution
		SolutionGuid = {87314A55-BCD7-4A71-9538-C117EB671A47}
	EndGlobalSection
EndGlobal
